
Microsoft Visual Studio Solution File, Format Version 12.00
# Visual Studio Version 17
VisualStudioVersion = 17.1.32210.238
MinimumVisualStudioVersion = 10.0.40219.1
Project("{FAE04EC0-301F-11D3-BF4B-00C04F79EFBC}") = "TarefasAPI", "TarefasAPI\TarefasAPI.csproj", "{415215B5-C69F-4F31-B6BF-85A4A61B2759}"
EndProject
Global
	GlobalSection(SolutionConfigurationPlatforms) = preSolution
		Debug|Any CPU = Debug|Any CPU
		Release|Any CPU = Release|Any CPU
	EndGlobalSection
	GlobalSection(ProjectConfigurationPlatforms) = postSolution
		{415215B5-C69F-4F31-B6BF-85A4A61B2759}.Debug|Any CPU.ActiveCfg = Debug|Any CPU
		{415215B5-C69F-4F31-B6BF-85A4A61B2759}.Debug|Any CPU.Build.0 = Debug|Any CPU
		{415215B5-C69F-4F31-B6BF-85A4A61B2759}.Release|Any CPU.ActiveCfg = Release|Any CPU
		{415215B5-C69F-4F31-B6BF-85A4A61B2759}.Release|Any CPU.Build.0 = Release|Any CPU
	EndGlobalSection
	GlobalSection(SolutionProperties) = preSolution
		HideSolutionNode = FALSE
	EndGlobalSection
	GlobalSection(ExtensibilityGlobals) = postSolution
		SolutionGuid = {CDE9A1B7-4178-4C52-8F3F-158EFEF4F763}
	EndGlobalSection
EndGlobal
